
Microsoft Visual Studio Solution File, Format Version 12.00
# Visual Studio Version 17
VisualStudioVersion = 17.5.002.0
MinimumVisualStudioVersion = 10.0.40219.1
Project("{9A19103F-16F7-4668-BE54-9A1E7A4F7556}") = "csharp-hello_world", "csharp-hello_world\csharp-hello_world.csproj", "{A222FF53-BA3C-4960-A5B5-4B870A9A8E54}"
EndProject
Project("{2150E333-8FDC-42A3-9474-1A3956D46DE8}") = "csharp-arrays_lists_dictionaries", "csharp-arrays_lists_dictionaries", "{F05DF63B-8EE0-47C9-A8CF-BADE6A6DFCE5}"
EndProject
Project("{9A19103F-16F7-4668-BE54-9A1E7A4F7556}") = "0-print_array", "csharp-arrays_lists_dictionaries\0-print_array\0-print_array.csproj", "{798BB51D-DEEB-446B-8B00-30AD2A950E22}"
EndProject
Project("{9A19103F-16F7-4668-BE54-9A1E7A4F7556}") = "1-element_at", "csharp-arrays_lists_dictionaries\1-element_at\1-element_at.csproj", "{EA410107-656C-4878-B935-FB9CCC97DF3E}"
EndProject
Project("{9A19103F-16F7-4668-BE54-9A1E7A4F7556}") = "10-delete_key_value", "csharp-arrays_lists_dictionaries\10-delete_key_value\10-delete_key_value.csproj", "{84BE5207-5D63-454F-A172-5C31A56570F5}"
EndProject
Project("{9A19103F-16F7-4668-BE54-9A1E7A4F7556}") = "11-multiply_by_2", "csharp-arrays_lists_dictionaries\11-multiply_by_2\11-multiply_by_2.csproj", "{0FDAA01F-3E74-4B14-85CF-226F62BD72D7}"
EndProject
Project("{9A19103F-16F7-4668-BE54-9A1E7A4F7556}") = "12-print_sorted_dictionary", "csharp-arrays_lists_dictionaries\12-print_sorted_dictionary\12-print_sorted_dictionary.csproj", "{84626F47-FD1F-45BF-9DA9-9C0D36EACA2E}"
EndProject
Project("{9A19103F-16F7-4668-BE54-9A1E7A4F7556}") = "13-best_score", "csharp-arrays_lists_dictionaries\13-best_score\13-best_score.csproj", "{BEFD3523-2A3E-46B5-9C80-F9CFB50403B8}"
EndProject
Project("{9A19103F-16F7-4668-BE54-9A1E7A4F7556}") = "2-replace_element", "csharp-arrays_lists_dictionaries\2-replace_element\2-replace_element.csproj", "{92FAA227-EA76-463D-94F2-1BB5E38F1515}"
EndProject
Project("{9A19103F-16F7-4668-BE54-9A1E7A4F7556}") = "3-print_array_reverse", "csharp-arrays_lists_dictionaries\3-print_array_reverse\3-print_array_reverse.csproj", "{8AADBED6-BA7B-478F-AA47-8737142F8781}"
EndProject
Project("{9A19103F-16F7-4668-BE54-9A1E7A4F7556}") = "4-print_list", "csharp-arrays_lists_dictionaries\4-print_list\4-print_list.csproj", "{75FAC0F1-CA0C-4B15-8DF1-E20C49F22531}"
EndProject
Project("{9A19103F-16F7-4668-BE54-9A1E7A4F7556}") = "5-max_integer", "csharp-arrays_lists_dictionaries\5-max_integer\5-max_integer.csproj", "{271C7B03-6EDB-4DDA-8B36-E29E81BF1CF7}"
EndProject
Project("{9A19103F-16F7-4668-BE54-9A1E7A4F7556}") = "6-divisible_by_2", "csharp-arrays_lists_dictionaries\6-divisible_by_2\6-divisible_by_2.csproj", "{33F246E4-2B71-4A16-A2AC-0138614852F5}"
EndProject
Project("{9A19103F-16F7-4668-BE54-9A1E7A4F7556}") = "7-delete_at", "csharp-arrays_lists_dictionaries\7-delete_at\7-delete_at.csproj", "{D5625D33-6252-4090-A83C-3E71E90B7359}"
EndProject
Project("{9A19103F-16F7-4668-BE54-9A1E7A4F7556}") = "8-number_keys", "csharp-arrays_lists_dictionaries\8-number_keys\8-number_keys.csproj", "{74148BF2-1566-4811-A61E-545542FFBD41}"
EndProject
Project("{9A19103F-16F7-4668-BE54-9A1E7A4F7556}") = "9-add_key_value", "csharp-arrays_lists_dictionaries\9-add_key_value\9-add_key_value.csproj", "{DA0B87C7-76B5-4D5C-9155-5E9D68896B3E}"
EndProject
Project("{2150E333-8FDC-42A3-9474-1A3956D46DE8}") = "csharp-hello_world (1)", "csharp-hello_world", "{0E6092CC-FDED-46B8-A2A7-D3FEE3DB187C}"
EndProject
Project("{9A19103F-16F7-4668-BE54-9A1E7A4F7556}") = "0-new_project", "csharp-hello_world\0-new_project\0-new_project.csproj", "{9DF732DB-2F04-48D6-9BBF-463B321E63B9}"
EndProject
Project("{9A19103F-16F7-4668-BE54-9A1E7A4F7556}") = "1-new_project", "csharp-hello_world\1-new_project\1-new_project.csproj", "{099DA8E5-85D1-45C8-A3E3-68E1BDA38DB6}"
EndProject
Project("{9A19103F-16F7-4668-BE54-9A1E7A4F7556}") = "10-copy_cut_paste", "csharp-hello_world\10-copy_cut_paste\10-copy_cut_paste.csproj", "{F8D32026-2A30-41B4-9DF7-F3C37F1DD70C}"
EndProject
Project("{9A19103F-16F7-4668-BE54-9A1E7A4F7556}") = "11-concat_edges", "csharp-hello_world\11-concat_edges\11-concat_edges.csproj", "{10B44962-E3CF-4E39-8208-90D8896F031D}"
EndProject
Project("{9A19103F-16F7-4668-BE54-9A1E7A4F7556}") = "2-new_project", "csharp-hello_world\2-new_project\2-new_project.csproj", "{795643FB-E947-4AEC-B1CE-566D0B90A178}"
EndProject
Project("{9A19103F-16F7-4668-BE54-9A1E7A4F7556}") = "3-writeline", "csharp-hello_world\3-writeline\3-writeline.csproj", "{DE290F13-E638-4BE3-B4C8-AAA6E581883A}"
EndProject
Project("{9A19103F-16F7-4668-BE54-9A1E7A4F7556}") = "4-print_integer", "csharp-hello_world\4-print_integer\4-print_integer.csproj", "{87E3273A-C7F0-4B29-9064-FC87064C2C33}"
EndProject
Project("{9A19103F-16F7-4668-BE54-9A1E7A4F7556}") = "5-print_float", "csharp-hello_world\5-print_float\5-print_float.csproj", "{D1FE5058-E3F3-4342-8192-71DBDDC83134}"
EndProject
Project("{9A19103F-16F7-4668-BE54-9A1E7A4F7556}") = "6-print_string", "csharp-hello_world\6-print_string\6-print_string.csproj", "{7F68E55B-11FF-45CF-A81D-25AAB6857200}"
EndProject
Project("{9A19103F-16F7-4668-BE54-9A1E7A4F7556}") = "7-concat", "csharp-hello_world\7-concat\7-concat.csproj", "{D18C7DB7-BB5B-40CE-9E0F-7B3D2C5018CC}"
EndProject
Project("{9A19103F-16F7-4668-BE54-9A1E7A4F7556}") = "8-print_variables", "csharp-hello_world\8-print_variables\8-print_variables.csproj", "{82780EA8-586E-4B7B-831B-5FC122FB7DA2}"
EndProject
Project("{9A19103F-16F7-4668-BE54-9A1E7A4F7556}") = "9-print_specifiers", "csharp-hello_world\9-print_specifiers\9-print_specifiers.csproj", "{07DD3D85-C167-4D7F-AB96-5925CFC5BB86}"
EndProject
Project("{2150E333-8FDC-42A3-9474-1A3956D46DE8}") = "csharp-ifelse_loops_methods", "csharp-ifelse_loops_methods", "{28ACC519-4CCD-4DE7-9FAD-B5A9AE9776C9}"
EndProject
Project("{9A19103F-16F7-4668-BE54-9A1E7A4F7556}") = "0-positive_or_negative", "csharp-ifelse_loops_methods\0-positive_or_negative\0-positive_or_negative.csproj", "{9A31A5C4-4C95-4A54-BDED-75B9482D4B8B}"
EndProject
Project("{9A19103F-16F7-4668-BE54-9A1E7A4F7556}") = "1-last_digit", "csharp-ifelse_loops_methods\1-last_digit\1-last_digit.csproj", "{81441D08-9C37-4880-8096-06466E270FE7}"
EndProject
Project("{9A19103F-16F7-4668-BE54-9A1E7A4F7556}") = "10-print_line", "csharp-ifelse_loops_methods\10-print_line\10-print_line.csproj", "{9246B7F1-46C8-4CC1-87EB-AED178DB9684}"
EndProject
Project("{9A19103F-16F7-4668-BE54-9A1E7A4F7556}") = "11-print_diagonal", "csharp-ifelse_loops_methods\11-print_diagonal\11-print_diagonal.csproj", "{FE359074-2874-44AE-BEC0-89763495B29C}"
EndProject
Project("{9A19103F-16F7-4668-BE54-9A1E7A4F7556}") = "12-fizzbuzz", "csharp-ifelse_loops_methods\12-fizzbuzz\12-fizzbuzz.csproj", "{F7C97030-CC96-49C2-B365-81E901667F60}"
EndProject
Project("{9A19103F-16F7-4668-BE54-9A1E7A4F7556}") = "2-print_alphabet", "csharp-ifelse_loops_methods\2-print_alphabet\2-print_alphabet.csproj", "{A8C8ACFB-F79F-49BB-AED3-7328B88A91AC}"
EndProject
Project("{9A19103F-16F7-4668-BE54-9A1E7A4F7556}") = "3-print_alphabt", "csharp-ifelse_loops_methods\3-print_alphabt\3-print_alphabt.csproj", "{BF5A354C-490C-481E-A800-2B300A8610D8}"
EndProject
Project("{9A19103F-16F7-4668-BE54-9A1E7A4F7556}") = "4-print_hexa", "csharp-ifelse_loops_methods\4-print_hexa\4-print_hexa.csproj", "{3BB025DD-88DE-433E-9665-4B173FFCB832}"
EndProject
Project("{9A19103F-16F7-4668-BE54-9A1E7A4F7556}") = "5-print_comb", "csharp-ifelse_loops_methods\5-print_comb\5-print_comb.csproj", "{5B68EFD0-0843-4CE9-9AB1-6B58F26DBA5A}"
EndProject
Project("{9A19103F-16F7-4668-BE54-9A1E7A4F7556}") = "6-print_comb2", "csharp-ifelse_loops_methods\6-print_comb2\6-print_comb2.csproj", "{D7E900DE-3FF8-4BFD-B2E4-025AFF875551}"
EndProject
Project("{9A19103F-16F7-4668-BE54-9A1E7A4F7556}") = "7-islower", "csharp-ifelse_loops_methods\7-islower\7-islower.csproj", "{A2739F35-7381-40E6-9150-ACAE1ECD4A3F}"
EndProject
Project("{9A19103F-16F7-4668-BE54-9A1E7A4F7556}") = "8-print_last_digit", "csharp-ifelse_loops_methods\8-print_last_digit\8-print_last_digit.csproj", "{068AFAC3-078A-41F1-B362-2B87E71A3EA5}"
EndProject
Project("{9A19103F-16F7-4668-BE54-9A1E7A4F7556}") = "9-add", "csharp-ifelse_loops_methods\9-add\9-add.csproj", "{FAA09444-88EF-4240-ABAE-764CC55206FE}"
EndProject
Global
	GlobalSection(SolutionConfigurationPlatforms) = preSolution
		Debug|Any CPU = Debug|Any CPU
		Release|Any CPU = Release|Any CPU
	EndGlobalSection
	GlobalSection(ProjectConfigurationPlatforms) = postSolution
		{A222FF53-BA3C-4960-A5B5-4B870A9A8E54}.Debug|Any CPU.ActiveCfg = Debug|Any CPU
		{A222FF53-BA3C-4960-A5B5-4B870A9A8E54}.Debug|Any CPU.Build.0 = Debug|Any CPU
		{A222FF53-BA3C-4960-A5B5-4B870A9A8E54}.Release|Any CPU.ActiveCfg = Release|Any CPU
		{A222FF53-BA3C-4960-A5B5-4B870A9A8E54}.Release|Any CPU.Build.0 = Release|Any CPU
		{798BB51D-DEEB-446B-8B00-30AD2A950E22}.Debug|Any CPU.ActiveCfg = Debug|Any CPU
		{798BB51D-DEEB-446B-8B00-30AD2A950E22}.Debug|Any CPU.Build.0 = Debug|Any CPU
		{798BB51D-DEEB-446B-8B00-30AD2A950E22}.Release|Any CPU.ActiveCfg = Release|Any CPU
		{798BB51D-DEEB-446B-8B00-30AD2A950E22}.Release|Any CPU.Build.0 = Release|Any CPU
		{EA410107-656C-4878-B935-FB9CCC97DF3E}.Debug|Any CPU.ActiveCfg = Debug|Any CPU
		{EA410107-656C-4878-B935-FB9CCC97DF3E}.Debug|Any CPU.Build.0 = Debug|Any CPU
		{EA410107-656C-4878-B935-FB9CCC97DF3E}.Release|Any CPU.ActiveCfg = Release|Any CPU
		{EA410107-656C-4878-B935-FB9CCC97DF3E}.Release|Any CPU.Build.0 = Release|Any CPU
		{84BE5207-5D63-454F-A172-5C31A56570F5}.Debug|Any CPU.ActiveCfg = Debug|Any CPU
		{84BE5207-5D63-454F-A172-5C31A56570F5}.Debug|Any CPU.Build.0 = Debug|Any CPU
		{84BE5207-5D63-454F-A172-5C31A56570F5}.Release|Any CPU.ActiveCfg = Release|Any CPU
		{84BE5207-5D63-454F-A172-5C31A56570F5}.Release|Any CPU.Build.0 = Release|Any CPU
		{0FDAA01F-3E74-4B14-85CF-226F62BD72D7}.Debug|Any CPU.ActiveCfg = Debug|Any CPU
		{0FDAA01F-3E74-4B14-85CF-226F62BD72D7}.Debug|Any CPU.Build.0 = Debug|Any CPU
		{0FDAA01F-3E74-4B14-85CF-226F62BD72D7}.Release|Any CPU.ActiveCfg = Release|Any CPU
		{0FDAA01F-3E74-4B14-85CF-226F62BD72D7}.Release|Any CPU.Build.0 = Release|Any CPU
		{84626F47-FD1F-45BF-9DA9-9C0D36EACA2E}.Debug|Any CPU.ActiveCfg = Debug|Any CPU
		{84626F47-FD1F-45BF-9DA9-9C0D36EACA2E}.Debug|Any CPU.Build.0 = Debug|Any CPU
		{84626F47-FD1F-45BF-9DA9-9C0D36EACA2E}.Release|Any CPU.ActiveCfg = Release|Any CPU
		{84626F47-FD1F-45BF-9DA9-9C0D36EACA2E}.Release|Any CPU.Build.0 = Release|Any CPU
		{BEFD3523-2A3E-46B5-9C80-F9CFB50403B8}.Debug|Any CPU.ActiveCfg = Debug|Any CPU
		{BEFD3523-2A3E-46B5-9C80-F9CFB50403B8}.Debug|Any CPU.Build.0 = Debug|Any CPU
		{BEFD3523-2A3E-46B5-9C80-F9CFB50403B8}.Release|Any CPU.ActiveCfg = Release|Any CPU
		{BEFD3523-2A3E-46B5-9C80-F9CFB50403B8}.Release|Any CPU.Build.0 = Release|Any CPU
		{92FAA227-EA76-463D-94F2-1BB5E38F1515}.Debug|Any CPU.ActiveCfg = Debug|Any CPU
		{92FAA227-EA76-463D-94F2-1BB5E38F1515}.Debug|Any CPU.Build.0 = Debug|Any CPU
		{92FAA227-EA76-463D-94F2-1BB5E38F1515}.Release|Any CPU.ActiveCfg = Release|Any CPU
		{92FAA227-EA76-463D-94F2-1BB5E38F1515}.Release|Any CPU.Build.0 = Release|Any CPU
		{8AADBED6-BA7B-478F-AA47-8737142F8781}.Debug|Any CPU.ActiveCfg = Debug|Any CPU
		{8AADBED6-BA7B-478F-AA47-8737142F8781}.Debug|Any CPU.Build.0 = Debug|Any CPU
		{8AADBED6-BA7B-478F-AA47-8737142F8781}.Release|Any CPU.ActiveCfg = Release|Any CPU
		{8AADBED6-BA7B-478F-AA47-8737142F8781}.Release|Any CPU.Build.0 = Release|Any CPU
		{75FAC0F1-CA0C-4B15-8DF1-E20C49F22531}.Debug|Any CPU.ActiveCfg = Debug|Any CPU
		{75FAC0F1-CA0C-4B15-8DF1-E20C49F22531}.Debug|Any CPU.Build.0 = Debug|Any CPU
		{75FAC0F1-CA0C-4B15-8DF1-E20C49F22531}.Release|Any CPU.ActiveCfg = Release|Any CPU
		{75FAC0F1-CA0C-4B15-8DF1-E20C49F22531}.Release|Any CPU.Build.0 = Release|Any CPU
		{271C7B03-6EDB-4DDA-8B36-E29E81BF1CF7}.Debug|Any CPU.ActiveCfg = Debug|Any CPU
		{271C7B03-6EDB-4DDA-8B36-E29E81BF1CF7}.Debug|Any CPU.Build.0 = Debug|Any CPU
		{271C7B03-6EDB-4DDA-8B36-E29E81BF1CF7}.Release|Any CPU.ActiveCfg = Release|Any CPU
		{271C7B03-6EDB-4DDA-8B36-E29E81BF1CF7}.Release|Any CPU.Build.0 = Release|Any CPU
		{33F246E4-2B71-4A16-A2AC-0138614852F5}.Debug|Any CPU.ActiveCfg = Debug|Any CPU
		{33F246E4-2B71-4A16-A2AC-0138614852F5}.Debug|Any CPU.Build.0 = Debug|Any CPU
		{33F246E4-2B71-4A16-A2AC-0138614852F5}.Release|Any CPU.ActiveCfg = Release|Any CPU
		{33F246E4-2B71-4A16-A2AC-0138614852F5}.Release|Any CPU.Build.0 = Release|Any CPU
		{D5625D33-6252-4090-A83C-3E71E90B7359}.Debug|Any CPU.ActiveCfg = Debug|Any CPU
		{D5625D33-6252-4090-A83C-3E71E90B7359}.Debug|Any CPU.Build.0 = Debug|Any CPU
		{D5625D33-6252-4090-A83C-3E71E90B7359}.Release|Any CPU.ActiveCfg = Release|Any CPU
		{D5625D33-6252-4090-A83C-3E71E90B7359}.Release|Any CPU.Build.0 = Release|Any CPU
		{74148BF2-1566-4811-A61E-545542FFBD41}.Debug|Any CPU.ActiveCfg = Debug|Any CPU
		{74148BF2-1566-4811-A61E-545542FFBD41}.Debug|Any CPU.Build.0 = Debug|Any CPU
		{74148BF2-1566-4811-A61E-545542FFBD41}.Release|Any CPU.ActiveCfg = Release|Any CPU
		{74148BF2-1566-4811-A61E-545542FFBD41}.Release|Any CPU.Build.0 = Release|Any CPU
		{DA0B87C7-76B5-4D5C-9155-5E9D68896B3E}.Debug|Any CPU.ActiveCfg = Debug|Any CPU
		{DA0B87C7-76B5-4D5C-9155-5E9D68896B3E}.Debug|Any CPU.Build.0 = Debug|Any CPU
		{DA0B87C7-76B5-4D5C-9155-5E9D68896B3E}.Release|Any CPU.ActiveCfg = Release|Any CPU
		{DA0B87C7-76B5-4D5C-9155-5E9D68896B3E}.Release|Any CPU.Build.0 = Release|Any CPU
		{9DF732DB-2F04-48D6-9BBF-463B321E63B9}.Debug|Any CPU.ActiveCfg = Debug|Any CPU
		{9DF732DB-2F04-48D6-9BBF-463B321E63B9}.Debug|Any CPU.Build.0 = Debug|Any CPU
		{9DF732DB-2F04-48D6-9BBF-463B321E63B9}.Release|Any CPU.ActiveCfg = Release|Any CPU
		{9DF732DB-2F04-48D6-9BBF-463B321E63B9}.Release|Any CPU.Build.0 = Release|Any CPU
		{099DA8E5-85D1-45C8-A3E3-68E1BDA38DB6}.Debug|Any CPU.ActiveCfg = Debug|Any CPU
		{099DA8E5-85D1-45C8-A3E3-68E1BDA38DB6}.Debug|Any CPU.Build.0 = Debug|Any CPU
		{099DA8E5-85D1-45C8-A3E3-68E1BDA38DB6}.Release|Any CPU.ActiveCfg = Release|Any CPU
		{099DA8E5-85D1-45C8-A3E3-68E1BDA38DB6}.Release|Any CPU.Build.0 = Release|Any CPU
		{F8D32026-2A30-41B4-9DF7-F3C37F1DD70C}.Debug|Any CPU.ActiveCfg = Debug|Any CPU
		{F8D32026-2A30-41B4-9DF7-F3C37F1DD70C}.Debug|Any CPU.Build.0 = Debug|Any CPU
		{F8D32026-2A30-41B4-9DF7-F3C37F1DD70C}.Release|Any CPU.ActiveCfg = Release|Any CPU
		{F8D32026-2A30-41B4-9DF7-F3C37F1DD70C}.Release|Any CPU.Build.0 = Release|Any CPU
		{10B44962-E3CF-4E39-8208-90D8896F031D}.Debug|Any CPU.ActiveCfg = Debug|Any CPU
		{10B44962-E3CF-4E39-8208-90D8896F031D}.Debug|Any CPU.Build.0 = Debug|Any CPU
		{10B44962-E3CF-4E39-8208-90D8896F031D}.Release|Any CPU.ActiveCfg = Release|Any CPU
		{10B44962-E3CF-4E39-8208-90D8896F031D}.Release|Any CPU.Build.0 = Release|Any CPU
		{795643FB-E947-4AEC-B1CE-566D0B90A178}.Debug|Any CPU.ActiveCfg = Debug|Any CPU
		{795643FB-E947-4AEC-B1CE-566D0B90A178}.Debug|Any CPU.Build.0 = Debug|Any CPU
		{795643FB-E947-4AEC-B1CE-566D0B90A178}.Release|Any CPU.ActiveCfg = Release|Any CPU
		{795643FB-E947-4AEC-B1CE-566D0B90A178}.Release|Any CPU.Build.0 = Release|Any CPU
		{DE290F13-E638-4BE3-B4C8-AAA6E581883A}.Debug|Any CPU.ActiveCfg = Debug|Any CPU
		{DE290F13-E638-4BE3-B4C8-AAA6E581883A}.Debug|Any CPU.Build.0 = Debug|Any CPU
		{DE290F13-E638-4BE3-B4C8-AAA6E581883A}.Release|Any CPU.ActiveCfg = Release|Any CPU
		{DE290F13-E638-4BE3-B4C8-AAA6E581883A}.Release|Any CPU.Build.0 = Release|Any CPU
		{87E3273A-C7F0-4B29-9064-FC87064C2C33}.Debug|Any CPU.ActiveCfg = Debug|Any CPU
		{87E3273A-C7F0-4B29-9064-FC87064C2C33}.Debug|Any CPU.Build.0 = Debug|Any CPU
		{87E3273A-C7F0-4B29-9064-FC87064C2C33}.Release|Any CPU.ActiveCfg = Release|Any CPU
		{87E3273A-C7F0-4B29-9064-FC87064C2C33}.Release|Any CPU.Build.0 = Release|Any CPU
		{D1FE5058-E3F3-4342-8192-71DBDDC83134}.Debug|Any CPU.ActiveCfg = Debug|Any CPU
		{D1FE5058-E3F3-4342-8192-71DBDDC83134}.Debug|Any CPU.Build.0 = Debug|Any CPU
		{D1FE5058-E3F3-4342-8192-71DBDDC83134}.Release|Any CPU.ActiveCfg = Release|Any CPU
		{D1FE5058-E3F3-4342-8192-71DBDDC83134}.Release|Any CPU.Build.0 = Release|Any CPU
		{7F68E55B-11FF-45CF-A81D-25AAB6857200}.Debug|Any CPU.ActiveCfg = Debug|Any CPU
		{7F68E55B-11FF-45CF-A81D-25AAB6857200}.Debug|Any CPU.Build.0 = Debug|Any CPU
		{7F68E55B-11FF-45CF-A81D-25AAB6857200}.Release|Any CPU.ActiveCfg = Release|Any CPU
		{7F68E55B-11FF-45CF-A81D-25AAB6857200}.Release|Any CPU.Build.0 = Release|Any CPU
		{D18C7DB7-BB5B-40CE-9E0F-7B3D2C5018CC}.Debug|Any CPU.ActiveCfg = Debug|Any CPU
		{D18C7DB7-BB5B-40CE-9E0F-7B3D2C5018CC}.Debug|Any CPU.Build.0 = Debug|Any CPU
		{D18C7DB7-BB5B-40CE-9E0F-7B3D2C5018CC}.Release|Any CPU.ActiveCfg = Release|Any CPU
		{D18C7DB7-BB5B-40CE-9E0F-7B3D2C5018CC}.Release|Any CPU.Build.0 = Release|Any CPU
		{82780EA8-586E-4B7B-831B-5FC122FB7DA2}.Debug|Any CPU.ActiveCfg = Debug|Any CPU
		{82780EA8-586E-4B7B-831B-5FC122FB7DA2}.Debug|Any CPU.Build.0 = Debug|Any CPU
		{82780EA8-586E-4B7B-831B-5FC122FB7DA2}.Release|Any CPU.ActiveCfg = Release|Any CPU
		{82780EA8-586E-4B7B-831B-5FC122FB7DA2}.Release|Any CPU.Build.0 = Release|Any CPU
		{07DD3D85-C167-4D7F-AB96-5925CFC5BB86}.Debug|Any CPU.ActiveCfg = Debug|Any CPU
		{07DD3D85-C167-4D7F-AB96-5925CFC5BB86}.Debug|Any CPU.Build.0 = Debug|Any CPU
		{07DD3D85-C167-4D7F-AB96-5925CFC5BB86}.Release|Any CPU.ActiveCfg = Release|Any CPU
		{07DD3D85-C167-4D7F-AB96-5925CFC5BB86}.Release|Any CPU.Build.0 = Release|Any CPU
		{9A31A5C4-4C95-4A54-BDED-75B9482D4B8B}.Debug|Any CPU.ActiveCfg = Debug|Any CPU
		{9A31A5C4-4C95-4A54-BDED-75B9482D4B8B}.Debug|Any CPU.Build.0 = Debug|Any CPU
		{9A31A5C4-4C95-4A54-BDED-75B9482D4B8B}.Release|Any CPU.ActiveCfg = Release|Any CPU
		{9A31A5C4-4C95-4A54-BDED-75B9482D4B8B}.Release|Any CPU.Build.0 = Release|Any CPU
		{81441D08-9C37-4880-8096-06466E270FE7}.Debug|Any CPU.ActiveCfg = Debug|Any CPU
		{81441D08-9C37-4880-8096-06466E270FE7}.Debug|Any CPU.Build.0 = Debug|Any CPU
		{81441D08-9C37-4880-8096-06466E270FE7}.Release|Any CPU.ActiveCfg = Release|Any CPU
		{81441D08-9C37-4880-8096-06466E270FE7}.Release|Any CPU.Build.0 = Release|Any CPU
		{9246B7F1-46C8-4CC1-87EB-AED178DB9684}.Debug|Any CPU.ActiveCfg = Debug|Any CPU
		{9246B7F1-46C8-4CC1-87EB-AED178DB9684}.Debug|Any CPU.Build.0 = Debug|Any CPU
		{9246B7F1-46C8-4CC1-87EB-AED178DB9684}.Release|Any CPU.ActiveCfg = Release|Any CPU
		{9246B7F1-46C8-4CC1-87EB-AED178DB9684}.Release|Any CPU.Build.0 = Release|Any CPU
		{FE359074-2874-44AE-BEC0-89763495B29C}.Debug|Any CPU.ActiveCfg = Debug|Any CPU
		{FE359074-2874-44AE-BEC0-89763495B29C}.Debug|Any CPU.Build.0 = Debug|Any CPU
		{FE359074-2874-44AE-BEC0-89763495B29C}.Release|Any CPU.ActiveCfg = Release|Any CPU
		{FE359074-2874-44AE-BEC0-89763495B29C}.Release|Any CPU.Build.0 = Release|Any CPU
		{F7C97030-CC96-49C2-B365-81E901667F60}.Debug|Any CPU.ActiveCfg = Debug|Any CPU
		{F7C97030-CC96-49C2-B365-81E901667F60}.Debug|Any CPU.Build.0 = Debug|Any CPU
		{F7C97030-CC96-49C2-B365-81E901667F60}.Release|Any CPU.ActiveCfg = Release|Any CPU
		{F7C97030-CC96-49C2-B365-81E901667F60}.Release|Any CPU.Build.0 = Release|Any CPU
		{A8C8ACFB-F79F-49BB-AED3-7328B88A91AC}.Debug|Any CPU.ActiveCfg = Debug|Any CPU
		{A8C8ACFB-F79F-49BB-AED3-7328B88A91AC}.Debug|Any CPU.Build.0 = Debug|Any CPU
		{A8C8ACFB-F79F-49BB-AED3-7328B88A91AC}.Release|Any CPU.ActiveCfg = Release|Any CPU
		{A8C8ACFB-F79F-49BB-AED3-7328B88A91AC}.Release|Any CPU.Build.0 = Release|Any CPU
		{BF5A354C-490C-481E-A800-2B300A8610D8}.Debug|Any CPU.ActiveCfg = Debug|Any CPU
		{BF5A354C-490C-481E-A800-2B300A8610D8}.Debug|Any CPU.Build.0 = Debug|Any CPU
		{BF5A354C-490C-481E-A800-2B300A8610D8}.Release|Any CPU.ActiveCfg = Release|Any CPU
		{BF5A354C-490C-481E-A800-2B300A8610D8}.Release|Any CPU.Build.0 = Release|Any CPU
		{3BB025DD-88DE-433E-9665-4B173FFCB832}.Debug|Any CPU.ActiveCfg = Debug|Any CPU
		{3BB025DD-88DE-433E-9665-4B173FFCB832}.Debug|Any CPU.Build.0 = Debug|Any CPU
		{3BB025DD-88DE-433E-9665-4B173FFCB832}.Release|Any CPU.ActiveCfg = Release|Any CPU
		{3BB025DD-88DE-433E-9665-4B173FFCB832}.Release|Any CPU.Build.0 = Release|Any CPU
		{5B68EFD0-0843-4CE9-9AB1-6B58F26DBA5A}.Debug|Any CPU.ActiveCfg = Debug|Any CPU
		{5B68EFD0-0843-4CE9-9AB1-6B58F26DBA5A}.Debug|Any CPU.Build.0 = Debug|Any CPU
		{5B68EFD0-0843-4CE9-9AB1-6B58F26DBA5A}.Release|Any CPU.ActiveCfg = Release|Any CPU
		{5B68EFD0-0843-4CE9-9AB1-6B58F26DBA5A}.Release|Any CPU.Build.0 = Release|Any CPU
		{D7E900DE-3FF8-4BFD-B2E4-025AFF875551}.Debug|Any CPU.ActiveCfg = Debug|Any CPU
		{D7E900DE-3FF8-4BFD-B2E4-025AFF875551}.Debug|Any CPU.Build.0 = Debug|Any CPU
		{D7E900DE-3FF8-4BFD-B2E4-025AFF875551}.Release|Any CPU.ActiveCfg = Release|Any CPU
		{D7E900DE-3FF8-4BFD-B2E4-025AFF875551}.Release|Any CPU.Build.0 = Release|Any CPU
		{A2739F35-7381-40E6-9150-ACAE1ECD4A3F}.Debug|Any CPU.ActiveCfg = Debug|Any CPU
		{A2739F35-7381-40E6-9150-ACAE1ECD4A3F}.Debug|Any CPU.Build.0 = Debug|Any CPU
		{A2739F35-7381-40E6-9150-ACAE1ECD4A3F}.Release|Any CPU.ActiveCfg = Release|Any CPU
		{A2739F35-7381-40E6-9150-ACAE1ECD4A3F}.Release|Any CPU.Build.0 = Release|Any CPU
		{068AFAC3-078A-41F1-B362-2B87E71A3EA5}.Debug|Any CPU.ActiveCfg = Debug|Any CPU
		{068AFAC3-078A-41F1-B362-2B87E71A3EA5}.Debug|Any CPU.Build.0 = Debug|Any CPU
		{068AFAC3-078A-41F1-B362-2B87E71A3EA5}.Release|Any CPU.ActiveCfg = Release|Any CPU
		{068AFAC3-078A-41F1-B362-2B87E71A3EA5}.Release|Any CPU.Build.0 = Release|Any CPU
		{FAA09444-88EF-4240-ABAE-764CC55206FE}.Debug|Any CPU.ActiveCfg = Debug|Any CPU
		{FAA09444-88EF-4240-ABAE-764CC55206FE}.Debug|Any CPU.Build.0 = Debug|Any CPU
		{FAA09444-88EF-4240-ABAE-764CC55206FE}.Release|Any CPU.ActiveCfg = Release|Any CPU
		{FAA09444-88EF-4240-ABAE-764CC55206FE}.Release|Any CPU.Build.0 = Release|Any CPU
	EndGlobalSection
	GlobalSection(SolutionProperties) = preSolution
		HideSolutionNode = FALSE
	EndGlobalSection
	GlobalSection(NestedProjects) = preSolution
		{798BB51D-DEEB-446B-8B00-30AD2A950E22} = {F05DF63B-8EE0-47C9-A8CF-BADE6A6DFCE5}
		{EA410107-656C-4878-B935-FB9CCC97DF3E} = {F05DF63B-8EE0-47C9-A8CF-BADE6A6DFCE5}
		{84BE5207-5D63-454F-A172-5C31A56570F5} = {F05DF63B-8EE0-47C9-A8CF-BADE6A6DFCE5}
		{0FDAA01F-3E74-4B14-85CF-226F62BD72D7} = {F05DF63B-8EE0-47C9-A8CF-BADE6A6DFCE5}
		{84626F47-FD1F-45BF-9DA9-9C0D36EACA2E} = {F05DF63B-8EE0-47C9-A8CF-BADE6A6DFCE5}
		{BEFD3523-2A3E-46B5-9C80-F9CFB50403B8} = {F05DF63B-8EE0-47C9-A8CF-BADE6A6DFCE5}
		{92FAA227-EA76-463D-94F2-1BB5E38F1515} = {F05DF63B-8EE0-47C9-A8CF-BADE6A6DFCE5}
		{8AADBED6-BA7B-478F-AA47-8737142F8781} = {F05DF63B-8EE0-47C9-A8CF-BADE6A6DFCE5}
		{75FAC0F1-CA0C-4B15-8DF1-E20C49F22531} = {F05DF63B-8EE0-47C9-A8CF-BADE6A6DFCE5}
		{271C7B03-6EDB-4DDA-8B36-E29E81BF1CF7} = {F05DF63B-8EE0-47C9-A8CF-BADE6A6DFCE5}
		{33F246E4-2B71-4A16-A2AC-0138614852F5} = {F05DF63B-8EE0-47C9-A8CF-BADE6A6DFCE5}
		{D5625D33-6252-4090-A83C-3E71E90B7359} = {F05DF63B-8EE0-47C9-A8CF-BADE6A6DFCE5}
		{74148BF2-1566-4811-A61E-545542FFBD41} = {F05DF63B-8EE0-47C9-A8CF-BADE6A6DFCE5}
		{DA0B87C7-76B5-4D5C-9155-5E9D68896B3E} = {F05DF63B-8EE0-47C9-A8CF-BADE6A6DFCE5}
		{9DF732DB-2F04-48D6-9BBF-463B321E63B9} = {0E6092CC-FDED-46B8-A2A7-D3FEE3DB187C}
		{099DA8E5-85D1-45C8-A3E3-68E1BDA38DB6} = {0E6092CC-FDED-46B8-A2A7-D3FEE3DB187C}
		{F8D32026-2A30-41B4-9DF7-F3C37F1DD70C} = {0E6092CC-FDED-46B8-A2A7-D3FEE3DB187C}
		{10B44962-E3CF-4E39-8208-90D8896F031D} = {0E6092CC-FDED-46B8-A2A7-D3FEE3DB187C}
		{795643FB-E947-4AEC-B1CE-566D0B90A178} = {0E6092CC-FDED-46B8-A2A7-D3FEE3DB187C}
		{DE290F13-E638-4BE3-B4C8-AAA6E581883A} = {0E6092CC-FDED-46B8-A2A7-D3FEE3DB187C}
		{87E3273A-C7F0-4B29-9064-FC87064C2C33} = {0E6092CC-FDED-46B8-A2A7-D3FEE3DB187C}
		{D1FE5058-E3F3-4342-8192-71DBDDC83134} = {0E6092CC-FDED-46B8-A2A7-D3FEE3DB187C}
		{7F68E55B-11FF-45CF-A81D-25AAB6857200} = {0E6092CC-FDED-46B8-A2A7-D3FEE3DB187C}
		{D18C7DB7-BB5B-40CE-9E0F-7B3D2C5018CC} = {0E6092CC-FDED-46B8-A2A7-D3FEE3DB187C}
		{82780EA8-586E-4B7B-831B-5FC122FB7DA2} = {0E6092CC-FDED-46B8-A2A7-D3FEE3DB187C}
		{07DD3D85-C167-4D7F-AB96-5925CFC5BB86} = {0E6092CC-FDED-46B8-A2A7-D3FEE3DB187C}
		{9A31A5C4-4C95-4A54-BDED-75B9482D4B8B} = {28ACC519-4CCD-4DE7-9FAD-B5A9AE9776C9}
		{81441D08-9C37-4880-8096-06466E270FE7} = {28ACC519-4CCD-4DE7-9FAD-B5A9AE9776C9}
		{9246B7F1-46C8-4CC1-87EB-AED178DB9684} = {28ACC519-4CCD-4DE7-9FAD-B5A9AE9776C9}
		{FE359074-2874-44AE-BEC0-89763495B29C} = {28ACC519-4CCD-4DE7-9FAD-B5A9AE9776C9}
		{F7C97030-CC96-49C2-B365-81E901667F60} = {28ACC519-4CCD-4DE7-9FAD-B5A9AE9776C9}
		{A8C8ACFB-F79F-49BB-AED3-7328B88A91AC} = {28ACC519-4CCD-4DE7-9FAD-B5A9AE9776C9}
		{BF5A354C-490C-481E-A800-2B300A8610D8} = {28ACC519-4CCD-4DE7-9FAD-B5A9AE9776C9}
		{3BB025DD-88DE-433E-9665-4B173FFCB832} = {28ACC519-4CCD-4DE7-9FAD-B5A9AE9776C9}
		{5B68EFD0-0843-4CE9-9AB1-6B58F26DBA5A} = {28ACC519-4CCD-4DE7-9FAD-B5A9AE9776C9}
		{D7E900DE-3FF8-4BFD-B2E4-025AFF875551} = {28ACC519-4CCD-4DE7-9FAD-B5A9AE9776C9}
		{A2739F35-7381-40E6-9150-ACAE1ECD4A3F} = {28ACC519-4CCD-4DE7-9FAD-B5A9AE9776C9}
		{068AFAC3-078A-41F1-B362-2B87E71A3EA5} = {28ACC519-4CCD-4DE7-9FAD-B5A9AE9776C9}
		{FAA09444-88EF-4240-ABAE-764CC55206FE} = {28ACC519-4CCD-4DE7-9FAD-B5A9AE9776C9}
	EndGlobalSection
	GlobalSection(ExtensibilityGlobals) = postSolution
		SolutionGuid = {D2782C3F-AFF2-447D-B95F-7987D181D369}
	EndGlobalSection
EndGlobal
